
Microsoft Visual Studio Solution File, Format Version 12.00
# Visual Studio Version 17
VisualStudioVersion = 17.13.35825.156
MinimumVisualStudioVersion = 10.0.40219.1
Project("{FAE04EC0-301F-11D3-BF4B-00C04F79EFBC}") = "NetCRM", "NetCRM\NetCRM.csproj", "{01E170DB-CEB7-4999-B92B-193CAA78FD88}"
EndProject
Global
	GlobalSection(SolutionConfigurationPlatforms) = preSolution
		Debug|Any CPU = Debug|Any CPU
		Release|Any CPU = Release|Any CPU
	EndGlobalSection
	GlobalSection(ProjectConfigurationPlatforms) = postSolution
		{01E170DB-CEB7-4999-B92B-193CAA78FD88}.Debug|Any CPU.ActiveCfg = Debug|Any CPU
		{01E170DB-CEB7-4999-B92B-193CAA78FD88}.Debug|Any CPU.Build.0 = Debug|Any CPU
		{01E170DB-CEB7-4999-B92B-193CAA78FD88}.Release|Any CPU.ActiveCfg = Release|Any CPU
		{01E170DB-CEB7-4999-B92B-193CAA78FD88}.Release|Any CPU.Build.0 = Release|Any CPU
	EndGlobalSection
	GlobalSection(SolutionProperties) = preSolution
		HideSolutionNode = FALSE
	EndGlobalSection
	GlobalSection(ExtensibilityGlobals) = postSolution
		SolutionGuid = {170FAA05-65FC-490E-A39A-D7F4F28D2874}
	EndGlobalSection
EndGlobal
